// !$*UTF8*$!
{
	archiveVersion = 1;
	classes = {
	};
	objectVersion = 51;
	objects = {

/* Begin PBXBuildFile section */
		29179A5E4AFE5C3FB524BDB2 /* Pods_AlamofireSwift5NewWithPackages.framework in Frameworks */ = {isa = PBXBuildFile; fileRef = EC18C5C080A4C35676657825 /* Pods_AlamofireSwift5NewWithPackages.framework */; };
		4A40755B22C3DB930038DD00 /* AppDelegate.swift in Sources */ = {isa = PBXBuildFile; fileRef = 4A40755A22C3DB930038DD00 /* AppDelegate.swift */; };
		4A40755D22C3DB930038DD00 /* ViewController.swift in Sources */ = {isa = PBXBuildFile; fileRef = 4A40755C22C3DB930038DD00 /* ViewController.swift */; };
		4A40756022C3DB930038DD00 /* Main.storyboard in Resources */ = {isa = PBXBuildFile; fileRef = 4A40755E22C3DB930038DD00 /* Main.storyboard */; };
		4A40756222C3DB940038DD00 /* Assets.xcassets in Resources */ = {isa = PBXBuildFile; fileRef = 4A40756122C3DB940038DD00 /* Assets.xcassets */; };
		4A40756522C3DB940038DD00 /* LaunchScreen.storyboard in Resources */ = {isa = PBXBuildFile; fileRef = 4A40756322C3DB940038DD00 /* LaunchScreen.storyboard */; };
		4A40757122C3E6660038DD00 /* Alamofire.framework in Frameworks */ = {isa = PBXBuildFile; fileRef = 4A40757022C3E6660038DD00 /* Alamofire.framework */; };
/* End PBXBuildFile section */

/* Begin PBXCopyFilesBuildPhase section */
		4A40756F22C3E64D0038DD00 /* Embed Frameworks */ = {
			isa = PBXCopyFilesBuildPhase;
			buildActionMask = 2147483647;
			dstPath = "";
			dstSubfolderSpec = 10;
			files = (
			);
			name = "Embed Frameworks";
			runOnlyForDeploymentPostprocessing = 0;
		};
/* End PBXCopyFilesBuildPhase section */

/* Begin PBXFileReference section */
		3E0B33BEE447375FD6C29C52 /* Pods-AlamofireSwift5NewWithPackages.debug.xcconfig */ = {isa = PBXFileReference; includeInIndex = 1; lastKnownFileType = text.xcconfig; name = "Pods-AlamofireSwift5NewWithPackages.debug.xcconfig"; path = "Target Support Files/Pods-AlamofireSwift5NewWithPackages/Pods-AlamofireSwift5NewWithPackages.debug.xcconfig"; sourceTree = "<group>"; };
		4A40755722C3DB920038DD00 /* AlamofireSwift5NewWithPackages.app */ = {isa = PBXFileReference; explicitFileType = wrapper.application; includeInIndex = 0; path = AlamofireSwift5NewWithPackages.app; sourceTree = BUILT_PRODUCTS_DIR; };
		4A40755A22C3DB930038DD00 /* AppDelegate.swift */ = {isa = PBXFileReference; lastKnownFileType = sourcecode.swift; path = AppDelegate.swift; sourceTree = "<group>"; };
		4A40755C22C3DB930038DD00 /* ViewController.swift */ = {isa = PBXFileReference; lastKnownFileType = sourcecode.swift; path = ViewController.swift; sourceTree = "<group>"; };
		4A40755F22C3DB930038DD00 /* Base */ = {isa = PBXFileReference; lastKnownFileType = file.storyboard; name = Base; path = Base.lproj/Main.storyboard; sourceTree = "<group>"; };
		4A40756122C3DB940038DD00 /* Assets.xcassets */ = {isa = PBXFileReference; lastKnownFileType = folder.assetcatalog; path = Assets.xcassets; sourceTree = "<group>"; };
		4A40756422C3DB940038DD00 /* Base */ = {isa = PBXFileReference; lastKnownFileType = file.storyboard; name = Base; path = Base.lproj/LaunchScreen.storyboard; sourceTree = "<group>"; };
		4A40756622C3DB940038DD00 /* Info.plist */ = {isa = PBXFileReference; lastKnownFileType = text.plist.xml; path = Info.plist; sourceTree = "<group>"; };
		4A40757022C3E6660038DD00 /* Alamofire.framework */ = {isa = PBXFileReference; explicitFileType = wrapper.framework; path = Alamofire.framework; sourceTree = BUILT_PRODUCTS_DIR; };
		7F6D0BFBB3E875AEE98E533D /* Pods-AlamofireSwift5NewWithPackages.release.xcconfig */ = {isa = PBXFileReference; includeInIndex = 1; lastKnownFileType = text.xcconfig; name = "Pods-AlamofireSwift5NewWithPackages.release.xcconfig"; path = "Target Support Files/Pods-AlamofireSwift5NewWithPackages/Pods-AlamofireSwift5NewWithPackages.release.xcconfig"; sourceTree = "<group>"; };
		EC18C5C080A4C35676657825 /* Pods_AlamofireSwift5NewWithPackages.framework */ = {isa = PBXFileReference; explicitFileType = wrapper.framework; includeInIndex = 0; path = Pods_AlamofireSwift5NewWithPackages.framework; sourceTree = BUILT_PRODUCTS_DIR; };
/* End PBXFileReference section */

/* Begin PBXFrameworksBuildPhase section */
		4A40755422C3DB920038DD00 /* Frameworks */ = {
			isa = PBXFrameworksBuildPhase;
			buildActionMask = 2147483647;
			files = (
				4A40757122C3E6660038DD00 /* Alamofire.framework in Frameworks */,
				29179A5E4AFE5C3FB524BDB2 /* Pods_AlamofireSwift5NewWithPackages.framework in Frameworks */,
			);
			runOnlyForDeploymentPostprocessing = 0;
		};
/* End PBXFrameworksBuildPhase section */

/* Begin PBXGroup section */
		11A5CB09C334F9C110FC36C0 /* Frameworks */ = {
			isa = PBXGroup;
			children = (
				4A40757022C3E6660038DD00 /* Alamofire.framework */,
				EC18C5C080A4C35676657825 /* Pods_AlamofireSwift5NewWithPackages.framework */,
			);
			name = Frameworks;
			sourceTree = "<group>";
		};
		4A40754E22C3DB920038DD00 = {
			isa = PBXGroup;
			children = (
				4A40755922C3DB920038DD00 /* AlamofireSwift5NewWithPackages */,
				4A40755822C3DB920038DD00 /* Products */,
				5E894CB06B62C278697973EA /* Pods */,
				11A5CB09C334F9C110FC36C0 /* Frameworks */,
			);
			sourceTree = "<group>";
		};
		4A40755822C3DB920038DD00 /* Products */ = {
			isa = PBXGroup;
			children = (
				4A40755722C3DB920038DD00 /* AlamofireSwift5NewWithPackages.app */,
			);
			name = Products;
			sourceTree = "<group>";
		};
		4A40755922C3DB920038DD00 /* AlamofireSwift5NewWithPackages */ = {
			isa = PBXGroup;
			children = (
				4A40755A22C3DB930038DD00 /* AppDelegate.swift */,
				4A40755C22C3DB930038DD00 /* ViewController.swift */,
				4A40755E22C3DB930038DD00 /* Main.storyboard */,
				4A40756122C3DB940038DD00 /* Assets.xcassets */,
				4A40756322C3DB940038DD00 /* LaunchScreen.storyboard */,
				4A40756622C3DB940038DD00 /* Info.plist */,
			);
			path = AlamofireSwift5NewWithPackages;
			sourceTree = "<group>";
		};
		5E894CB06B62C278697973EA /* Pods */ = {
			isa = PBXGroup;
			children = (
				3E0B33BEE447375FD6C29C52 /* Pods-AlamofireSwift5NewWithPackages.debug.xcconfig */,
				7F6D0BFBB3E875AEE98E533D /* Pods-AlamofireSwift5NewWithPackages.release.xcconfig */,
			);
			path = Pods;
			sourceTree = "<group>";
		};
/* End PBXGroup section */

/* Begin PBXNativeTarget section */
		4A40755622C3DB920038DD00 /* AlamofireSwift5NewWithPackages */ = {
			isa = PBXNativeTarget;
			buildConfigurationList = 4A40756922C3DB940038DD00 /* Build configuration list for PBXNativeTarget "AlamofireSwift5NewWithPackages" */;
			buildPhases = (
				3FC2ECCFA1CDF35C01D40B1E /* [CP] Check Pods Manifest.lock */,
				4A40755322C3DB920038DD00 /* Sources */,
				4A40755422C3DB920038DD00 /* Frameworks */,
				4A40755522C3DB920038DD00 /* Resources */,
				2B6B00CD775A591F3C5D173E /* [CP] Embed Pods Frameworks */,
				4A40756F22C3E64D0038DD00 /* Embed Frameworks */,
			);
			buildRules = (
			);
			dependencies = (
			);
			name = AlamofireSwift5NewWithPackages;
			productName = AlamofireSwift5NewWithPackages;
			productReference = 4A40755722C3DB920038DD00 /* AlamofireSwift5NewWithPackages.app */;
			productType = "com.apple.product-type.application";
		};
/* End PBXNativeTarget section */

/* Begin PBXProject section */
		4A40754F22C3DB920038DD00 /* Project object */ = {
			isa = PBXProject;
			attributes = {
				LastSwiftUpdateCheck = 1020;
				LastUpgradeCheck = 1020;
				ORGANIZATIONNAME = "Артём Кармазь";
				TargetAttributes = {
					4A40755622C3DB920038DD00 = {
						CreatedOnToolsVersion = 10.2.1;
					};
				};
			};
			buildConfigurationList = 4A40755222C3DB920038DD00 /* Build configuration list for PBXProject "AlamofireSwift5NewWithPackages" */;
			compatibilityVersion = "Xcode 9.3";
			developmentRegion = en;
			hasScannedForEncodings = 0;
			knownRegions = (
				en,
				Base,
			);
			mainGroup = 4A40754E22C3DB920038DD00;
			productRefGroup = 4A40755822C3DB920038DD00 /* Products */;
			projectDirPath = "";
			projectRoot = "";
			targets = (
				4A40755622C3DB920038DD00 /* AlamofireSwift5NewWithPackages */,
			);
		};
/* End PBXProject section */

/* Begin PBXResourcesBuildPhase section */
		4A40755522C3DB920038DD00 /* Resources */ = {
			isa = PBXResourcesBuildPhase;
			buildActionMask = 2147483647;
			files = (
				4A40756522C3DB940038DD00 /* LaunchScreen.storyboard in Resources */,
				4A40756222C3DB940038DD00 /* Assets.xcassets in Resources */,
				4A40756022C3DB930038DD00 /* Main.storyboard in Resources */,
			);
			runOnlyForDeploymentPostprocessing = 0;
		};
/* End PBXResourcesBuildPhase section */

/* Begin PBXShellScriptBuildPhase section */
		2B6B00CD775A591F3C5D173E /* [CP] Embed Pods Frameworks */ = {
			isa = PBXShellScriptBuildPhase;
			buildActionMask = 2147483647;
			files = (
			);
			inputFileListPaths = (
				"${PODS_ROOT}/Target Support Files/Pods-AlamofireSwift5NewWithPackages/Pods-AlamofireSwift5NewWithPackages-frameworks-${CONFIGURATION}-input-files.xcfilelist",
			);
			name = "[CP] Embed Pods Frameworks";
			outputFileListPaths = (
				"${PODS_ROOT}/Target Support Files/Pods-AlamofireSwift5NewWithPackages/Pods-AlamofireSwift5NewWithPackages-frameworks-${CONFIGURATION}-output-files.xcfilelist",
			);
			runOnlyForDeploymentPostprocessing = 0;
			shellPath = /bin/sh;
			shellScript = "\"${PODS_ROOT}/Target Support Files/Pods-AlamofireSwift5NewWithPackages/Pods-AlamofireSwift5NewWithPackages-frameworks.sh\"\n";
			showEnvVarsInLog = 0;
		};
		3FC2ECCFA1CDF35C01D40B1E /* [CP] Check Pods Manifest.lock */ = {
			isa = PBXShellScriptBuildPhase;
			buildActionMask = 2147483647;
			files = (
			);
			inputFileListPaths = (
			);
			inputPaths = (
				"${PODS_PODFILE_DIR_PATH}/Podfile.lock",
				"${PODS_ROOT}/Manifest.lock",
			);
			name = "[CP] Check Pods Manifest.lock";
			outputFileListPaths = (
			);
			outputPaths = (
				"$(DERIVED_FILE_DIR)/Pods-AlamofireSwift5NewWithPackages-checkManifestLockResult.txt",
			);
			runOnlyForDeploymentPostprocessing = 0;
			shellPath = /bin/sh;
			shellScript = "diff \"${PODS_PODFILE_DIR_PATH}/Podfile.lock\" \"${PODS_ROOT}/Manifest.lock\" > /dev/null\nif [ $? != 0 ] ; then\n    # print error to STDERR\n    echo \"error: The sandbox is not in sync with the Podfile.lock. Run 'pod install' or update your CocoaPods installation.\" >&2\n    exit 1\nfi\n# This output is used by Xcode 'outputs' to avoid re-running this script phase.\necho \"SUCCESS\" > \"${SCRIPT_OUTPUT_FILE_0}\"\n";
			showEnvVarsInLog = 0;
		};
/* End PBXShellScriptBuildPhase section */

/* Begin PBXSourcesBuildPhase section */
		4A40755322C3DB920038DD00 /* Sources */ = {
			isa = PBXSourcesBuildPhase;
			buildActionMask = 2147483647;
			files = (
				4A40755D22C3DB930038DD00 /* ViewController.swift in Sources */,
				4A40755B22C3DB930038DD00 /* AppDelegate.swift in Sources */,
			);
			runOnlyForDeploymentPostprocessing = 0;
		};
/* End PBXSourcesBuildPhase section */

/* Begin PBXVariantGroup section */
		4A40755E22C3DB930038DD00 /* Main.storyboard */ = {
			isa = PBXVariantGroup;
			children = (
				4A40755F22C3DB930038DD00 /* Base */,
			);
			name = Main.storyboard;
			sourceTree = "<group>";
		};
		4A40756322C3DB940038DD00 /* LaunchScreen.storyboard */ = {
			isa = PBXVariantGroup;
			children = (
				4A40756422C3DB940038DD00 /* Base */,
			);
			name = LaunchScreen.storyboard;
			sourceTree = "<group>";
		};
/* End PBXVariantGroup section */

/* Begin XCBuildConfiguration section */
		4A40756722C3DB940038DD00 /* Debug */ = {
			isa = XCBuildConfiguration;
			buildSettings = {
				ALWAYS_SEARCH_USER_PATHS = NO;
				CLANG_ANALYZER_NONNULL = YES;
				CLANG_ANALYZER_NUMBER_OBJECT_CONVERSION = YES_AGGRESSIVE;
				CLANG_CXX_LANGUAGE_STANDARD = "gnu++14";
				CLANG_CXX_LIBRARY = "libc++";
				CLANG_ENABLE_MODULES = YES;
				CLANG_ENABLE_OBJC_ARC = YES;
				CLANG_ENABLE_OBJC_WEAK = YES;
				CLANG_WARN_BLOCK_CAPTURE_AUTORELEASING = YES;
				CLANG_WARN_BOOL_CONVERSION = YES;
				CLANG_WARN_COMMA = YES;
				CLANG_WARN_CONSTANT_CONVERSION = YES;
				CLANG_WARN_DEPRECATED_OBJC_IMPLEMENTATIONS = YES;
				CLANG_WARN_DIRECT_OBJC_ISA_USAGE = YES_ERROR;
				CLANG_WARN_DOCUMENTATION_COMMENTS = YES;
				CLANG_WARN_EMPTY_BODY = YES;
				CLANG_WARN_ENUM_CONVERSION = YES;
				CLANG_WARN_INFINITE_RECURSION = YES;
				CLANG_WARN_INT_CONVERSION = YES;
				CLANG_WARN_NON_LITERAL_NULL_CONVERSION = YES;
				CLANG_WARN_OBJC_IMPLICIT_RETAIN_SELF = YES;
				CLANG_WARN_OBJC_LITERAL_CONVERSION = YES;
				CLANG_WARN_OBJC_ROOT_CLASS = YES_ERROR;
				CLANG_WARN_RANGE_LOOP_ANALYSIS = YES;
				CLANG_WARN_STRICT_PROTOTYPES = YES;
				CLANG_WARN_SUSPICIOUS_MOVE = YES;
				CLANG_WARN_UNGUARDED_AVAILABILITY = YES_AGGRESSIVE;
				CLANG_WARN_UNREACHABLE_CODE = YES;
				CLANG_WARN__DUPLICATE_METHOD_MATCH = YES;
				CODE_SIGN_IDENTITY = "iPhone Developer";
				COPY_PHASE_STRIP = NO;
				DEBUG_INFORMATION_FORMAT = dwarf;
				ENABLE_STRICT_OBJC_MSGSEND = YES;
				ENABLE_TESTABILITY = YES;
				GCC_C_LANGUAGE_STANDARD = gnu11;
				GCC_DYNAMIC_NO_PIC = NO;
				GCC_NO_COMMON_BLOCKS = YES;
				GCC_OPTIMIZATION_LEVEL = 0;
				GCC_PREPROCESSOR_DEFINITIONS = (
					"DEBUG=1",
					"$(inherited)",
				);
				GCC_WARN_64_TO_32_BIT_CONVERSION = YES;
				GCC_WARN_ABOUT_RETURN_TYPE = YES_ERROR;
				GCC_WARN_UNDECLARED_SELECTOR = YES;
				GCC_WARN_UNINITIALIZED_AUTOS = YES_AGGRESSIVE;
				GCC_WARN_UNUSED_FUNCTION = YES;
				GCC_WARN_UNUSED_VARIABLE = YES;
				IPHONEOS_DEPLOYMENT_TARGET = 12.2;
				MTL_ENABLE_DEBUG_INFO = INCLUDE_SOURCE;
				MTL_FAST_MATH = YES;
				ONLY_ACTIVE_ARCH = YES;
				SDKROOT = iphoneos;
				SWIFT_ACTIVE_COMPILATION_CONDITIONS = DEBUG;
				SWIFT_OPTIMIZATION_LEVEL = "-Onone";
			};
			name = Debug;
		};
		4A40756822C3DB940038DD00 /* Release */ = {
			isa = XCBuildConfiguration;
			buildSettings = {
				ALWAYS_SEARCH_USER_PATHS = NO;
				CLANG_ANALYZER_NONNULL = YES;
				CLANG_ANALYZER_NUMBER_OBJECT_CONVERSION = YES_AGGRESSIVE;
				CLANG_CXX_LANGUAGE_STANDARD = "gnu++14";
				CLANG_CXX_LIBRARY = "libc++";
				CLANG_ENABLE_MODULES = YES;
				CLANG_ENABLE_OBJC_ARC = YES;
				CLANG_ENABLE_OBJC_WEAK = YES;
				CLANG_WARN_BLOCK_CAPTURE_AUTORELEASING = YES;
				CLANG_WARN_BOOL_CONVERSION = YES;
				CLANG_WARN_COMMA = YES;
				CLANG_WARN_CONSTANT_CONVERSION = YES;
				CLANG_WARN_DEPRECATED_OBJC_IMPLEMENTATIONS = YES;
				CLANG_WARN_DIRECT_OBJC_ISA_USAGE = YES_ERROR;
				CLANG_WARN_DOCUMENTATION_COMMENTS = YES;
				CLANG_WARN_EMPTY_BODY = YES;
				CLANG_WARN_ENUM_CONVERSION = YES;
				CLANG_WARN_INFINITE_RECURSION = YES;
				CLANG_WARN_INT_CONVERSION = YES;
				CLANG_WARN_NON_LITERAL_NULL_CONVERSION = YES;
				CLANG_WARN_OBJC_IMPLICIT_RETAIN_SELF = YES;
				CLANG_WARN_OBJC_LITERAL_CONVERSION = YES;
				CLANG_WARN_OBJC_ROOT_CLASS = YES_ERROR;
				CLANG_WARN_RANGE_LOOP_ANALYSIS = YES;
				CLANG_WARN_STRICT_PROTOTYPES = YES;
				CLANG_WARN_SUSPICIOUS_MOVE = YES;
				CLANG_WARN_UNGUARDED_AVAILABILITY = YES_AGGRESSIVE;
				CLANG_WARN_UNREACHABLE_CODE = YES;
				CLANG_WARN__DUPLICATE_METHOD_MATCH = YES;
				CODE_SIGN_IDENTITY = "iPhone Developer";
				COPY_PHASE_STRIP = NO;
				DEBUG_INFORMATION_FORMAT = "dwarf-with-dsym";
				ENABLE_NS_ASSERTIONS = NO;
				ENABLE_STRICT_OBJC_MSGSEND = YES;
				GCC_C_LANGUAGE_STANDARD = gnu11;
				GCC_NO_COMMON_BLOCKS = YES;
				GCC_WARN_64_TO_32_BIT_CONVERSION = YES;
				GCC_WARN_ABOUT_RETURN_TYPE = YES_ERROR;
				GCC_WARN_UNDECLARED_SELECTOR = YES;
				GCC_WARN_UNINITIALIZED_AUTOS = YES_AGGRESSIVE;
				GCC_WARN_UNUSED_FUNCTION = YES;
				GCC_WARN_UNUSED_VARIABLE = YES;
				IPHONEOS_DEPLOYMENT_TARGET = 12.2;
				MTL_ENABLE_DEBUG_INFO = NO;
				MTL_FAST_MATH = YES;
				SDKROOT = iphoneos;
				SWIFT_COMPILATION_MODE = wholemodule;
				SWIFT_OPTIMIZATION_LEVEL = "-O";
				VALIDATE_PRODUCT = YES;
			};
			name = Release;
		};
		4A40756A22C3DB940038DD00 /* Debug */ = {
			isa = XCBuildConfiguration;
			baseConfigurationReference = 3E0B33BEE447375FD6C29C52 /* Pods-AlamofireSwift5NewWithPackages.debug.xcconfig */;
			buildSettings = {
				ASSETCATALOG_COMPILER_APPICON_NAME = AppIcon;
				CODE_SIGN_STYLE = Automatic;
				DEVELOPMENT_TEAM = B4FXKBHXYA;
				INFOPLIST_FILE = AlamofireSwift5NewWithPackages/Info.plist;
				LD_RUNPATH_SEARCH_PATHS = (
					"$(inherited)",
					"@executable_path/Frameworks",
				);
				PRODUCT_BUNDLE_IDENTIFIER = AK.AlamofireSwift5NewWithPackages;
				PRODUCT_NAME = "$(TARGET_NAME)";
				SWIFT_VERSION = 5.0;
				TARGETED_DEVICE_FAMILY = "1,2";
			};
			name = Debug;
		};
		4A40756B22C3DB940038DD00 /* Release */ = {
			isa = XCBuildConfiguration;
			baseConfigurationReference = 7F6D0BFBB3E875AEE98E533D /* Pods-AlamofireSwift5NewWithPackages.release.xcconfig */;
			buildSettings = {
				ASSETCATALOG_COMPILER_APPICON_NAME = AppIcon;
				CODE_SIGN_STYLE = Automatic;
				DEVELOPMENT_TEAM = B4FXKBHXYA;
				INFOPLIST_FILE = AlamofireSwift5NewWithPackages/Info.plist;
				LD_RUNPATH_SEARCH_PATHS = (
					"$(inherited)",
					"@executable_path/Frameworks",
				);
				PRODUCT_BUNDLE_IDENTIFIER = AK.AlamofireSwift5NewWithPackages;
				PRODUCT_NAME = "$(TARGET_NAME)";
				SWIFT_VERSION = 5.0;
				TARGETED_DEVICE_FAMILY = "1,2";
			};
			name = Release;
		};
/* End XCBuildConfiguration section */

/* Begin XCConfigurationList section */
		4A40755222C3DB920038DD00 /* Build configuration list for PBXProject "AlamofireSwift5NewWithPackages" */ = {
			isa = XCConfigurationList;
			buildConfigurations = (
				4A40756722C3DB940038DD00 /* Debug */,
				4A40756822C3DB940038DD00 /* Release */,
			);
			defaultConfigurationIsVisible = 0;
			defaultConfigurationName = Release;
		};
		4A40756922C3DB940038DD00 /* Build configuration list for PBXNativeTarget "AlamofireSwift5NewWithPackages" */ = {
			isa = XCConfigurationList;
			buildConfigurations = (
				4A40756A22C3DB940038DD00 /* Debug */,
				4A40756B22C3DB940038DD00 /* Release */,
			);
			defaultConfigurationIsVisible = 0;
			defaultConfigurationName = Release;
		};
/* End XCConfigurationList section */
	};
	rootObject = 4A40754F22C3DB920038DD00 /* Project object */;
}
